
Microsoft Visual Studio Solution File, Format Version 12.00
# Visual Studio 2013
VisualStudioVersion = 12.0.21005.1
MinimumVisualStudioVersion = 10.0.40219.1
Project("{FAE04EC0-301F-11D3-BF4B-00C04F79EFBC}") = "Ypsilon2", "Ypsilon2\Ypsilon2.csproj", "{2F5DBA2B-CFD5-4321-AB87-EC1A7FA8189F}"
EndProject
Project("{FAE04EC0-301F-11D3-BF4B-00C04F79EFBC}") = "FestivalLib", "FestivalLib\FestivalLib.csproj", "{32B96C09-99FF-4184-B08D-86327BDA4D9B}"
EndProject
Project("{FAE04EC0-301F-11D3-BF4B-00C04F79EFBC}") = "SSA_FestivalApp", "SSA_FestivalApp\SSA_FestivalApp.csproj", "{5AAE71A0-D3D0-4958-A29A-865092E92E6F}"
EndProject
Project("{FAE04EC0-301F-11D3-BF4B-00C04F79EFBC}") = "FestivalLibPort", "FestivalLibPort\FestivalLibPort.csproj", "{9DAE0C1E-22C9-4D28-B69A-260A322A836E}"
EndProject
Project("{FAE04EC0-301F-11D3-BF4B-00C04F79EFBC}") = "BA_StoreApp", "BA_StoreApp\BA_StoreApp.csproj", "{57FDB039-E73B-44CA-B123-3D417B3AA2E5}"
EndProject
Project("{FAE04EC0-301F-11D3-BF4B-00C04F79EFBC}") = "BA_RestService", "BA_RestService\BA_RestService.csproj", "{3C568C0F-FCF9-407C-9358-4AB12F91B492}"
EndProject
Global
	GlobalSection(SolutionConfigurationPlatforms) = preSolution
		Debug|Any CPU = Debug|Any CPU
		Debug|ARM = Debug|ARM
		Debug|x64 = Debug|x64
		Debug|x86 = Debug|x86
		Release|Any CPU = Release|Any CPU
		Release|ARM = Release|ARM
		Release|x64 = Release|x64
		Release|x86 = Release|x86
	EndGlobalSection
	GlobalSection(ProjectConfigurationPlatforms) = postSolution
		{2F5DBA2B-CFD5-4321-AB87-EC1A7FA8189F}.Debug|Any CPU.ActiveCfg = Debug|Any CPU
		{2F5DBA2B-CFD5-4321-AB87-EC1A7FA8189F}.Debug|Any CPU.Build.0 = Debug|Any CPU
		{2F5DBA2B-CFD5-4321-AB87-EC1A7FA8189F}.Debug|ARM.ActiveCfg = Debug|Any CPU
		{2F5DBA2B-CFD5-4321-AB87-EC1A7FA8189F}.Debug|x64.ActiveCfg = Debug|Any CPU
		{2F5DBA2B-CFD5-4321-AB87-EC1A7FA8189F}.Debug|x86.ActiveCfg = Debug|Any CPU
		{2F5DBA2B-CFD5-4321-AB87-EC1A7FA8189F}.Release|Any CPU.ActiveCfg = Release|Any CPU
		{2F5DBA2B-CFD5-4321-AB87-EC1A7FA8189F}.Release|Any CPU.Build.0 = Release|Any CPU
		{2F5DBA2B-CFD5-4321-AB87-EC1A7FA8189F}.Release|ARM.ActiveCfg = Release|Any CPU
		{2F5DBA2B-CFD5-4321-AB87-EC1A7FA8189F}.Release|x64.ActiveCfg = Release|Any CPU
		{2F5DBA2B-CFD5-4321-AB87-EC1A7FA8189F}.Release|x86.ActiveCfg = Release|Any CPU
		{32B96C09-99FF-4184-B08D-86327BDA4D9B}.Debug|Any CPU.ActiveCfg = Debug|Any CPU
		{32B96C09-99FF-4184-B08D-86327BDA4D9B}.Debug|Any CPU.Build.0 = Debug|Any CPU
		{32B96C09-99FF-4184-B08D-86327BDA4D9B}.Debug|ARM.ActiveCfg = Debug|Any CPU
		{32B96C09-99FF-4184-B08D-86327BDA4D9B}.Debug|x64.ActiveCfg = Debug|Any CPU
		{32B96C09-99FF-4184-B08D-86327BDA4D9B}.Debug|x86.ActiveCfg = Debug|Any CPU
		{32B96C09-99FF-4184-B08D-86327BDA4D9B}.Release|Any CPU.ActiveCfg = Release|Any CPU
		{32B96C09-99FF-4184-B08D-86327BDA4D9B}.Release|Any CPU.Build.0 = Release|Any CPU
		{32B96C09-99FF-4184-B08D-86327BDA4D9B}.Release|ARM.ActiveCfg = Release|Any CPU
		{32B96C09-99FF-4184-B08D-86327BDA4D9B}.Release|x64.ActiveCfg = Release|Any CPU
		{32B96C09-99FF-4184-B08D-86327BDA4D9B}.Release|x86.ActiveCfg = Release|Any CPU
		{5AAE71A0-D3D0-4958-A29A-865092E92E6F}.Debug|Any CPU.ActiveCfg = Debug|Any CPU
		{5AAE71A0-D3D0-4958-A29A-865092E92E6F}.Debug|Any CPU.Build.0 = Debug|Any CPU
		{5AAE71A0-D3D0-4958-A29A-865092E92E6F}.Debug|ARM.ActiveCfg = Debug|Any CPU
		{5AAE71A0-D3D0-4958-A29A-865092E92E6F}.Debug|x64.ActiveCfg = Debug|Any CPU
		{5AAE71A0-D3D0-4958-A29A-865092E92E6F}.Debug|x86.ActiveCfg = Debug|Any CPU
		{5AAE71A0-D3D0-4958-A29A-865092E92E6F}.Release|Any CPU.ActiveCfg = Release|Any CPU
		{5AAE71A0-D3D0-4958-A29A-865092E92E6F}.Release|Any CPU.Build.0 = Release|Any CPU
		{5AAE71A0-D3D0-4958-A29A-865092E92E6F}.Release|ARM.ActiveCfg = Release|Any CPU
		{5AAE71A0-D3D0-4958-A29A-865092E92E6F}.Release|x64.ActiveCfg = Release|Any CPU
		{5AAE71A0-D3D0-4958-A29A-865092E92E6F}.Release|x86.ActiveCfg = Release|Any CPU
		{9DAE0C1E-22C9-4D28-B69A-260A322A836E}.Debug|Any CPU.ActiveCfg = Debug|Any CPU
		{9DAE0C1E-22C9-4D28-B69A-260A322A836E}.Debug|Any CPU.Build.0 = Debug|Any CPU
		{9DAE0C1E-22C9-4D28-B69A-260A322A836E}.Debug|ARM.ActiveCfg = Debug|Any CPU
		{9DAE0C1E-22C9-4D28-B69A-260A322A836E}.Debug|x64.ActiveCfg = Debug|Any CPU
		{9DAE0C1E-22C9-4D28-B69A-260A322A836E}.Debug|x86.ActiveCfg = Debug|Any CPU
		{9DAE0C1E-22C9-4D28-B69A-260A322A836E}.Release|Any CPU.ActiveCfg = Release|Any CPU
		{9DAE0C1E-22C9-4D28-B69A-260A322A836E}.Release|Any CPU.Build.0 = Release|Any CPU
		{9DAE0C1E-22C9-4D28-B69A-260A322A836E}.Release|ARM.ActiveCfg = Release|Any CPU
		{9DAE0C1E-22C9-4D28-B69A-260A322A836E}.Release|x64.ActiveCfg = Release|Any CPU
		{9DAE0C1E-22C9-4D28-B69A-260A322A836E}.Release|x86.ActiveCfg = Release|Any CPU
		{57FDB039-E73B-44CA-B123-3D417B3AA2E5}.Debug|Any CPU.ActiveCfg = Debug|Any CPU
		{57FDB039-E73B-44CA-B123-3D417B3AA2E5}.Debug|Any CPU.Build.0 = Debug|Any CPU
		{57FDB039-E73B-44CA-B123-3D417B3AA2E5}.Debug|Any CPU.Deploy.0 = Debug|Any CPU
		{57FDB039-E73B-44CA-B123-3D417B3AA2E5}.Debug|ARM.ActiveCfg = Debug|ARM
		{57FDB039-E73B-44CA-B123-3D417B3AA2E5}.Debug|ARM.Build.0 = Debug|ARM
		{57FDB039-E73B-44CA-B123-3D417B3AA2E5}.Debug|ARM.Deploy.0 = Debug|ARM
		{57FDB039-E73B-44CA-B123-3D417B3AA2E5}.Debug|x64.ActiveCfg = Debug|x64
		{57FDB039-E73B-44CA-B123-3D417B3AA2E5}.Debug|x64.Build.0 = Debug|x64
		{57FDB039-E73B-44CA-B123-3D417B3AA2E5}.Debug|x64.Deploy.0 = Debug|x64
		{57FDB039-E73B-44CA-B123-3D417B3AA2E5}.Debug|x86.ActiveCfg = Debug|x86
		{57FDB039-E73B-44CA-B123-3D417B3AA2E5}.Debug|x86.Build.0 = Debug|x86
		{57FDB039-E73B-44CA-B123-3D417B3AA2E5}.Debug|x86.Deploy.0 = Debug|x86
		{57FDB039-E73B-44CA-B123-3D417B3AA2E5}.Release|Any CPU.ActiveCfg = Release|Any CPU
		{57FDB039-E73B-44CA-B123-3D417B3AA2E5}.Release|Any CPU.Build.0 = Release|Any CPU
		{57FDB039-E73B-44CA-B123-3D417B3AA2E5}.Release|Any CPU.Deploy.0 = Release|Any CPU
		{57FDB039-E73B-44CA-B123-3D417B3AA2E5}.Release|ARM.ActiveCfg = Release|ARM
		{57FDB039-E73B-44CA-B123-3D417B3AA2E5}.Release|ARM.Build.0 = Release|ARM
		{57FDB039-E73B-44CA-B123-3D417B3AA2E5}.Release|ARM.Deploy.0 = Release|ARM
		{57FDB039-E73B-44CA-B123-3D417B3AA2E5}.Release|x64.ActiveCfg = Release|x64
		{57FDB039-E73B-44CA-B123-3D417B3AA2E5}.Release|x64.Build.0 = Release|x64
		{57FDB039-E73B-44CA-B123-3D417B3AA2E5}.Release|x64.Deploy.0 = Release|x64
		{57FDB039-E73B-44CA-B123-3D417B3AA2E5}.Release|x86.ActiveCfg = Release|x86
		{57FDB039-E73B-44CA-B123-3D417B3AA2E5}.Release|x86.Build.0 = Release|x86
		{57FDB039-E73B-44CA-B123-3D417B3AA2E5}.Release|x86.Deploy.0 = Release|x86
		{3C568C0F-FCF9-407C-9358-4AB12F91B492}.Debug|Any CPU.ActiveCfg = Debug|Any CPU
		{3C568C0F-FCF9-407C-9358-4AB12F91B492}.Debug|Any CPU.Build.0 = Debug|Any CPU
		{3C568C0F-FCF9-407C-9358-4AB12F91B492}.Debug|ARM.ActiveCfg = Debug|Any CPU
		{3C568C0F-FCF9-407C-9358-4AB12F91B492}.Debug|x64.ActiveCfg = Debug|Any CPU
		{3C568C0F-FCF9-407C-9358-4AB12F91B492}.Debug|x86.ActiveCfg = Debug|Any CPU
		{3C568C0F-FCF9-407C-9358-4AB12F91B492}.Release|Any CPU.ActiveCfg = Release|Any CPU
		{3C568C0F-FCF9-407C-9358-4AB12F91B492}.Release|Any CPU.Build.0 = Release|Any CPU
		{3C568C0F-FCF9-407C-9358-4AB12F91B492}.Release|ARM.ActiveCfg = Release|Any CPU
		{3C568C0F-FCF9-407C-9358-4AB12F91B492}.Release|x64.ActiveCfg = Release|Any CPU
		{3C568C0F-FCF9-407C-9358-4AB12F91B492}.Release|x86.ActiveCfg = Release|Any CPU
	EndGlobalSection
	GlobalSection(SolutionProperties) = preSolution
		HideSolutionNode = FALSE
	EndGlobalSection
EndGlobal
